<?xml version="1.0" encoding="utf-8"?>
<Project ToolsVersion="4.0" xmlns="http://schemas.microsoft.com/developer/msbuild/2003">
  <ItemGroup>
    <Filter Include="Source Files">
      <UniqueIdentifier>{4FC737F1-C7A5-4376-A066-2A32D752A2FF}</UniqueIdentifier>
      <Extensions>cpp;c;cc;cxx;def;odl;idl;hpj;bat;asm;asmx</Extensions>
    </Filter>
    <Filter Include="Tests">
      <UniqueIdentifier>{3eb248fa-e4c0-4767-9efa-72bff4769d18}</UniqueIdentifier>
    </Filter>
    <Filter Include="Trace">
      <UniqueIdentifier>{bee57d7b-ba64-48a0-bd08-3c1052e2ca4a}</UniqueIdentifier>
    </Filter>
  </ItemGroup>
  <ItemGroup>
    <ClCompile Include="main.cpp">
      <Filter>Source Files</Filter>
    </ClCompile>
    <ClCompile Include="Monkey.cpp">
      <Filter>Source Files</Filter>
    </ClCompile>
    <ClCompile Include="Nibble.cpp">
      <Filter>Source Files</Filter>
    </ClCompile>
    <ClCompile Include="Monkey_tests.cpp">
      <Filter>Tests</Filter>
    </ClCompile>
    <ClCompile Include="Nibble_tests.cpp">
      <Filter>Tests</Filter>
    </ClCompile>
    <ClCompile Include="UnitTest.cpp">
      <Filter>Tests</Filter>
    </ClCompile>
    <ClCompile Include="Trace.cpp">
      <Filter>Trace</Filter>
    </ClCompile>
  </ItemGroup>
  <ItemGroup>
    <ClInclude Include="Nibble.h">
      <Filter>Source Files</Filter>
    </ClInclude>
    <ClInclude Include="Monkey.h">
      <Filter>Source Files</Filter>
    </ClInclude>
    <ClInclude Include="UnitTest.h">
      <Filter>Tests</Filter>
    </ClInclude>
    <ClInclude Include="Trace.h">
      <Filter>Trace</Filter>
    </ClInclude>
    <ClInclude Include="WindowsWrapper.h">
      <Filter>Trace</Filter>
    </ClInclude>
  </ItemGroup>
</Project>