<?xml version="1.0" encoding="utf-8"?>
<Project ToolsVersion="4.0" xmlns="http://schemas.microsoft.com/developer/msbuild/2003">
  <ItemGroup>
    <Filter Include="Source Files">
      <UniqueIdentifier>{4FC737F1-C7A5-4376-A066-2A32D752A2FF}</UniqueIdentifier>
      <Extensions>cpp;c;cc;cxx;def;odl;idl;hpj;bat;asm;asmx</Extensions>
    </Filter>
    <Filter Include="Header Files">
      <UniqueIdentifier>{93995380-89BD-4b04-88EB-625FBE52EBFB}</UniqueIdentifier>
      <Extensions>h;hpp;hxx;hm;inl;inc;xsd</Extensions>
    </Filter>
    <Filter Include="_Trace">
      <UniqueIdentifier>{833b723c-c9e8-46eb-abda-bae6c7e85c48}</UniqueIdentifier>
    </Filter>
    <Filter Include="_Unit Tests">
      <UniqueIdentifier>{d40dc3a6-fd83-4699-bcd5-6540594f9d7b}</UniqueIdentifier>
    </Filter>
  </ItemGroup>
  <ItemGroup>
    <ClCompile Include="main.cpp">
      <Filter>Source Files</Filter>
    </ClCompile>
    <ClCompile Include="vTableUnitTests.cpp">
      <Filter>_Unit Tests</Filter>
    </ClCompile>
    <ClCompile Include="vTableQuestions_A.cpp">
      <Filter>Source Files</Filter>
    </ClCompile>
    <ClCompile Include="vTableQuestions_B.cpp">
      <Filter>Source Files</Filter>
    </ClCompile>
    <ClCompile Include="vTableQuestions_C.cpp">
      <Filter>Source Files</Filter>
    </ClCompile>
    <ClCompile Include="vTableQuestions_D.cpp">
      <Filter>Source Files</Filter>
    </ClCompile>
    <ClCompile Include="vTableQuestions_E.cpp">
      <Filter>Source Files</Filter>
    </ClCompile>
    <ClCompile Include="vTableQuestions_F.cpp">
      <Filter>Source Files</Filter>
    </ClCompile>
    <ClCompile Include="vTableQuestions_G.cpp">
      <Filter>Source Files</Filter>
    </ClCompile>
    <ClCompile Include="vTableQuestions_M.cpp">
      <Filter>Source Files</Filter>
    </ClCompile>
    <ClCompile Include="vTableQuestions_N.cpp">
      <Filter>Source Files</Filter>
    </ClCompile>
    <ClCompile Include="vTableQuestions_O.cpp">
      <Filter>Source Files</Filter>
    </ClCompile>
    <ClCompile Include="UnitTest.cpp">
      <Filter>_Unit Tests</Filter>
    </ClCompile>
    <ClCompile Include="Trace.cpp">
      <Filter>_Trace</Filter>
    </ClCompile>
    <ClCompile Include="answerRegistry.cpp">
      <Filter>_Unit Tests</Filter>
    </ClCompile>
  </ItemGroup>
  <ItemGroup>
    <ClInclude Include="A.h">
      <Filter>Header Files</Filter>
    </ClInclude>
    <ClInclude Include="C.h">
      <Filter>Header Files</Filter>
    </ClInclude>
    <ClInclude Include="E.h">
      <Filter>Header Files</Filter>
    </ClInclude>
    <ClInclude Include="M.h">
      <Filter>Header Files</Filter>
    </ClInclude>
    <ClInclude Include="UnitTest.h">
      <Filter>_Unit Tests</Filter>
    </ClInclude>
    <ClInclude Include="Trace.h">
      <Filter>_Trace</Filter>
    </ClInclude>
    <ClInclude Include="WindowsWrapper.h">
      <Filter>_Trace</Filter>
    </ClInclude>
    <ClInclude Include="answerRegistry.h">
      <Filter>_Unit Tests</Filter>
    </ClInclude>
  </ItemGroup>
  <ItemGroup>
    <None Include="ClassDiagram.cd" />
  </ItemGroup>
</Project>