<?xml version="1.0" encoding="utf-8"?>
<Project ToolsVersion="4.0" xmlns="http://schemas.microsoft.com/developer/msbuild/2003">
  <ItemGroup>
    <Filter Include="Source Files">
      <UniqueIdentifier>{4FC737F1-C7A5-4376-A066-2A32D752A2FF}</UniqueIdentifier>
      <Extensions>cpp;c;cc;cxx;def;odl;idl;hpj;bat;asm;asmx</Extensions>
    </Filter>
    <Filter Include="Trace">
      <UniqueIdentifier>{ba63e053-8656-42eb-900e-3f1a440004fa}</UniqueIdentifier>
    </Filter>
    <Filter Include="UnitTest">
      <UniqueIdentifier>{e16410a8-9a71-4daa-9246-50a0357a6dc5}</UniqueIdentifier>
    </Filter>
  </ItemGroup>
  <ItemGroup>
    <ClCompile Include="main.cpp">
      <Filter>Source Files</Filter>
    </ClCompile>
    <ClCompile Include="PointerWalk.cpp">
      <Filter>Source Files</Filter>
    </ClCompile>
    <ClCompile Include="Casting.cpp">
      <Filter>Source Files</Filter>
    </ClCompile>
    <ClCompile Include="Trace.cpp">
      <Filter>Trace</Filter>
    </ClCompile>
    <ClCompile Include="UnitTest.cpp">
      <Filter>UnitTest</Filter>
    </ClCompile>
    <ClCompile Include="Basics3_Tests.cpp">
      <Filter>UnitTest</Filter>
    </ClCompile>
    <ClCompile Include="answerRegistry.cpp">
      <Filter>UnitTest</Filter>
    </ClCompile>
  </ItemGroup>
  <ItemGroup>
    <ClInclude Include="Trace.h">
      <Filter>Trace</Filter>
    </ClInclude>
    <ClInclude Include="WindowsWrapper.h">
      <Filter>Trace</Filter>
    </ClInclude>
    <ClInclude Include="UnitTest.h">
      <Filter>UnitTest</Filter>
    </ClInclude>
    <ClInclude Include="answerRegistry.h">
      <Filter>UnitTest</Filter>
    </ClInclude>
  </ItemGroup>
</Project>